// !$*UTF8*$!
{
	archiveVersion = 1;
	classes = {
	};
	objectVersion = 56;
	objects = {

/* Begin PBXBuildFile section */
		D83D35F1B1E515B075130A34 /* Pods_Lost_Pet_Alert_App.framework in Frameworks */ = {isa = PBXBuildFile; fileRef = CBA658626798691CC8C7E8B8 /* Pods_Lost_Pet_Alert_App.framework */; };
		FC31674F29429426000A9443 /* Lost_Pet_Alert_AppApp.swift in Sources */ = {isa = PBXBuildFile; fileRef = FC31674E29429426000A9443 /* Lost_Pet_Alert_AppApp.swift */; };
		FC31675329429428000A9443 /* Assets.xcassets in Resources */ = {isa = PBXBuildFile; fileRef = FC31675229429428000A9443 /* Assets.xcassets */; };
		FC31675629429428000A9443 /* Preview Assets.xcassets in Resources */ = {isa = PBXBuildFile; fileRef = FC31675529429428000A9443 /* Preview Assets.xcassets */; };
		FC31676029429800000A9443 /* HomeView.swift in Sources */ = {isa = PBXBuildFile; fileRef = FC31675F29429800000A9443 /* HomeView.swift */; };
		FC31676429429B96000A9443 /* DisappearanceAlertView.swift in Sources */ = {isa = PBXBuildFile; fileRef = FC31676329429B96000A9443 /* DisappearanceAlertView.swift */; };
		FC31676829429BBD000A9443 /* DisappearanceListView.swift in Sources */ = {isa = PBXBuildFile; fileRef = FC31676729429BBD000A9443 /* DisappearanceListView.swift */; };
		FCE1E68C2943EB2D00B7EAED /* DisappearanceAlert.swift in Sources */ = {isa = PBXBuildFile; fileRef = FCE1E68B2943EB2D00B7EAED /* DisappearanceAlert.swift */; };
		FCE1E68E2943F28D00B7EAED /* AlertRepository.swift in Sources */ = {isa = PBXBuildFile; fileRef = FCE1E68D2943F28D00B7EAED /* AlertRepository.swift */; };
		FCE1E6922944192800B7EAED /* SearchView.swift in Sources */ = {isa = PBXBuildFile; fileRef = FCE1E6912944192800B7EAED /* SearchView.swift */; };
		FCE1E6942944279D00B7EAED /* GoogleService-Info.plist in Resources */ = {isa = PBXBuildFile; fileRef = FCE1E6932944279C00B7EAED /* GoogleService-Info.plist */; };
		FCE1E69729442CF300B7EAED /* FirebaseAnalytics in Frameworks */ = {isa = PBXBuildFile; productRef = FCE1E69629442CF300B7EAED /* FirebaseAnalytics */; };
		FCE1E69929442CF300B7EAED /* FirebaseFirestore in Frameworks */ = {isa = PBXBuildFile; productRef = FCE1E69829442CF300B7EAED /* FirebaseFirestore */; };
		FCE1E69B29442CF300B7EAED /* FirebaseFirestoreSwift in Frameworks */ = {isa = PBXBuildFile; productRef = FCE1E69A29442CF300B7EAED /* FirebaseFirestoreSwift */; };
/* End PBXBuildFile section */

/* Begin PBXFileReference section */
		47677D1B2FA84A902643DB29 /* Pods-Lost_Pet_Alert_App.release.xcconfig */ = {isa = PBXFileReference; includeInIndex = 1; lastKnownFileType = text.xcconfig; name = "Pods-Lost_Pet_Alert_App.release.xcconfig"; path = "Target Support Files/Pods-Lost_Pet_Alert_App/Pods-Lost_Pet_Alert_App.release.xcconfig"; sourceTree = "<group>"; };
		9F140FEE94ADC5E85216198B /* Pods-Lost_Pet_Alert_App.debug.xcconfig */ = {isa = PBXFileReference; includeInIndex = 1; lastKnownFileType = text.xcconfig; name = "Pods-Lost_Pet_Alert_App.debug.xcconfig"; path = "Target Support Files/Pods-Lost_Pet_Alert_App/Pods-Lost_Pet_Alert_App.debug.xcconfig"; sourceTree = "<group>"; };
		CBA658626798691CC8C7E8B8 /* Pods_Lost_Pet_Alert_App.framework */ = {isa = PBXFileReference; explicitFileType = wrapper.framework; includeInIndex = 0; path = Pods_Lost_Pet_Alert_App.framework; sourceTree = BUILT_PRODUCTS_DIR; };
		FC31674B29429426000A9443 /* Lost_Pet_Alert_App.app */ = {isa = PBXFileReference; explicitFileType = wrapper.application; includeInIndex = 0; path = Lost_Pet_Alert_App.app; sourceTree = BUILT_PRODUCTS_DIR; };
		FC31674E29429426000A9443 /* Lost_Pet_Alert_AppApp.swift */ = {isa = PBXFileReference; lastKnownFileType = sourcecode.swift; path = Lost_Pet_Alert_AppApp.swift; sourceTree = "<group>"; };
		FC31675229429428000A9443 /* Assets.xcassets */ = {isa = PBXFileReference; lastKnownFileType = folder.assetcatalog; path = Assets.xcassets; sourceTree = "<group>"; };
		FC31675529429428000A9443 /* Preview Assets.xcassets */ = {isa = PBXFileReference; lastKnownFileType = folder.assetcatalog; path = "Preview Assets.xcassets"; sourceTree = "<group>"; };
		FC31675F29429800000A9443 /* HomeView.swift */ = {isa = PBXFileReference; lastKnownFileType = sourcecode.swift; path = HomeView.swift; sourceTree = "<group>"; };
		FC31676329429B96000A9443 /* DisappearanceAlertView.swift */ = {isa = PBXFileReference; lastKnownFileType = sourcecode.swift; path = DisappearanceAlertView.swift; sourceTree = "<group>"; };
		FC31676729429BBD000A9443 /* DisappearanceListView.swift */ = {isa = PBXFileReference; lastKnownFileType = sourcecode.swift; path = DisappearanceListView.swift; sourceTree = "<group>"; };
		FCE1E68B2943EB2D00B7EAED /* DisappearanceAlert.swift */ = {isa = PBXFileReference; lastKnownFileType = sourcecode.swift; path = DisappearanceAlert.swift; sourceTree = "<group>"; };
		FCE1E68D2943F28D00B7EAED /* AlertRepository.swift */ = {isa = PBXFileReference; lastKnownFileType = sourcecode.swift; path = AlertRepository.swift; sourceTree = "<group>"; };
		FCE1E6912944192800B7EAED /* SearchView.swift */ = {isa = PBXFileReference; lastKnownFileType = sourcecode.swift; path = SearchView.swift; sourceTree = "<group>"; };
		FCE1E6932944279C00B7EAED /* GoogleService-Info.plist */ = {isa = PBXFileReference; fileEncoding = 4; lastKnownFileType = text.plist.xml; path = "GoogleService-Info.plist"; sourceTree = "<group>"; };
/* End PBXFileReference section */

/* Begin PBXFrameworksBuildPhase section */
		FC31674829429426000A9443 /* Frameworks */ = {
			isa = PBXFrameworksBuildPhase;
			buildActionMask = 2147483647;
			files = (
				FCE1E69729442CF300B7EAED /* FirebaseAnalytics in Frameworks */,
				D83D35F1B1E515B075130A34 /* Pods_Lost_Pet_Alert_App.framework in Frameworks */,
				FCE1E69929442CF300B7EAED /* FirebaseFirestore in Frameworks */,
				FCE1E69B29442CF300B7EAED /* FirebaseFirestoreSwift in Frameworks */,
			);
			runOnlyForDeploymentPostprocessing = 0;
		};
/* End PBXFrameworksBuildPhase section */

/* Begin PBXGroup section */
		7305C8FCA05D50304A2826F0 /* Pods */ = {
			isa = PBXGroup;
			children = (
				9F140FEE94ADC5E85216198B /* Pods-Lost_Pet_Alert_App.debug.xcconfig */,
				47677D1B2FA84A902643DB29 /* Pods-Lost_Pet_Alert_App.release.xcconfig */,
			);
			path = Pods;
			sourceTree = "<group>";
		};
		A7E7C7E3BA8FFAEE7D3C0AE8 /* Frameworks */ = {
			isa = PBXGroup;
			children = (
				CBA658626798691CC8C7E8B8 /* Pods_Lost_Pet_Alert_App.framework */,
			);
			name = Frameworks;
			sourceTree = "<group>";
		};
		FC31674229429426000A9443 = {
			isa = PBXGroup;
			children = (
				FC31674D29429426000A9443 /* Lost_Pet_Alert_App */,
				FC31674C29429426000A9443 /* Products */,
				7305C8FCA05D50304A2826F0 /* Pods */,
				A7E7C7E3BA8FFAEE7D3C0AE8 /* Frameworks */,
			);
			sourceTree = "<group>";
		};
		FC31674C29429426000A9443 /* Products */ = {
			isa = PBXGroup;
			children = (
				FC31674B29429426000A9443 /* Lost_Pet_Alert_App.app */,
			);
			name = Products;
			sourceTree = "<group>";
		};
		FC31674D29429426000A9443 /* Lost_Pet_Alert_App */ = {
			isa = PBXGroup;
			children = (
				FCE1E6932944279C00B7EAED /* GoogleService-Info.plist */,
				FC31675E294297BB000A9443 /* Models */,
				FC31675D294297B2000A9443 /* Helpers */,
				FC31675C294297A9000A9443 /* Views */,
				FC31674E29429426000A9443 /* Lost_Pet_Alert_AppApp.swift */,
				FC31675229429428000A9443 /* Assets.xcassets */,
				FC31675429429428000A9443 /* Preview Content */,
			);
			path = Lost_Pet_Alert_App;
			sourceTree = "<group>";
		};
		FC31675429429428000A9443 /* Preview Content */ = {
			isa = PBXGroup;
			children = (
				FC31675529429428000A9443 /* Preview Assets.xcassets */,
			);
			path = "Preview Content";
			sourceTree = "<group>";
		};
		FC31675C294297A9000A9443 /* Views */ = {
			isa = PBXGroup;
			children = (
				FC31675F29429800000A9443 /* HomeView.swift */,
				FC31676329429B96000A9443 /* DisappearanceAlertView.swift */,
				FC31676729429BBD000A9443 /* DisappearanceListView.swift */,
				FCE1E6912944192800B7EAED /* SearchView.swift */,
			);
			path = Views;
			sourceTree = "<group>";
		};
		FC31675D294297B2000A9443 /* Helpers */ = {
			isa = PBXGroup;
			children = (
			);
			path = Helpers;
			sourceTree = "<group>";
		};
		FC31675E294297BB000A9443 /* Models */ = {
			isa = PBXGroup;
			children = (
				FCE1E68B2943EB2D00B7EAED /* DisappearanceAlert.swift */,
				FCE1E68D2943F28D00B7EAED /* AlertRepository.swift */,
			);
			path = Models;
			sourceTree = "<group>";
		};
/* End PBXGroup section */

/* Begin PBXNativeTarget section */
		FC31674A29429426000A9443 /* Lost_Pet_Alert_App */ = {
			isa = PBXNativeTarget;
			buildConfigurationList = FC31675929429428000A9443 /* Build configuration list for PBXNativeTarget "Lost_Pet_Alert_App" */;
			buildPhases = (
				F12A876FCAB654A24421043B /* [CP] Check Pods Manifest.lock */,
				FC31674729429426000A9443 /* Sources */,
				FC31674829429426000A9443 /* Frameworks */,
				FC31674929429426000A9443 /* Resources */,
				119FE2C4AC24B042805100E0 /* [CP] Embed Pods Frameworks */,
			);
			buildRules = (
			);
			dependencies = (
			);
			name = Lost_Pet_Alert_App;
			packageProductDependencies = (
				FCE1E69629442CF300B7EAED /* FirebaseAnalytics */,
				FCE1E69829442CF300B7EAED /* FirebaseFirestore */,
				FCE1E69A29442CF300B7EAED /* FirebaseFirestoreSwift */,
			);
			productName = Lost_Pet_Alert_App;
			productReference = FC31674B29429426000A9443 /* Lost_Pet_Alert_App.app */;
			productType = "com.apple.product-type.application";
		};
/* End PBXNativeTarget section */

/* Begin PBXProject section */
		FC31674329429426000A9443 /* Project object */ = {
			isa = PBXProject;
			attributes = {
				BuildIndependentTargetsInParallel = 1;
				LastSwiftUpdateCheck = 1400;
				LastUpgradeCheck = 1400;
				TargetAttributes = {
					FC31674A29429426000A9443 = {
						CreatedOnToolsVersion = 14.0.1;
					};
				};
			};
			buildConfigurationList = FC31674629429426000A9443 /* Build configuration list for PBXProject "Lost_Pet_Alert_App" */;
			compatibilityVersion = "Xcode 14.0";
			developmentRegion = en;
			hasScannedForEncodings = 0;
			knownRegions = (
				en,
				Base,
			);
			mainGroup = FC31674229429426000A9443;
			packageReferences = (
				FCE1E69529442CF300B7EAED /* XCRemoteSwiftPackageReference "firebase-ios-sdk" */,
			);
			productRefGroup = FC31674C29429426000A9443 /* Products */;
			projectDirPath = "";
			projectRoot = "";
			targets = (
				FC31674A29429426000A9443 /* Lost_Pet_Alert_App */,
			);
		};
/* End PBXProject section */

/* Begin PBXResourcesBuildPhase section */
		FC31674929429426000A9443 /* Resources */ = {
			isa = PBXResourcesBuildPhase;
			buildActionMask = 2147483647;
			files = (
				FC31675629429428000A9443 /* Preview Assets.xcassets in Resources */,
				FC31675329429428000A9443 /* Assets.xcassets in Resources */,
				FCE1E6942944279D00B7EAED /* GoogleService-Info.plist in Resources */,
			);
			runOnlyForDeploymentPostprocessing = 0;
		};
/* End PBXResourcesBuildPhase section */

/* Begin PBXShellScriptBuildPhase section */
		119FE2C4AC24B042805100E0 /* [CP] Embed Pods Frameworks */ = {
			isa = PBXShellScriptBuildPhase;
			buildActionMask = 2147483647;
			files = (
			);
			inputFileListPaths = (
				"${PODS_ROOT}/Target Support Files/Pods-Lost_Pet_Alert_App/Pods-Lost_Pet_Alert_App-frameworks-${CONFIGURATION}-input-files.xcfilelist",
			);
			name = "[CP] Embed Pods Frameworks";
			outputFileListPaths = (
				"${PODS_ROOT}/Target Support Files/Pods-Lost_Pet_Alert_App/Pods-Lost_Pet_Alert_App-frameworks-${CONFIGURATION}-output-files.xcfilelist",
			);
			runOnlyForDeploymentPostprocessing = 0;
			shellPath = /bin/sh;
			shellScript = "\"${PODS_ROOT}/Target Support Files/Pods-Lost_Pet_Alert_App/Pods-Lost_Pet_Alert_App-frameworks.sh\"\n";
			showEnvVarsInLog = 0;
		};
		F12A876FCAB654A24421043B /* [CP] Check Pods Manifest.lock */ = {
			isa = PBXShellScriptBuildPhase;
			buildActionMask = 2147483647;
			files = (
			);
			inputFileListPaths = (
			);
			inputPaths = (
				"${PODS_PODFILE_DIR_PATH}/Podfile.lock",
				"${PODS_ROOT}/Manifest.lock",
			);
			name = "[CP] Check Pods Manifest.lock";
			outputFileListPaths = (
			);
			outputPaths = (
				"$(DERIVED_FILE_DIR)/Pods-Lost_Pet_Alert_App-checkManifestLockResult.txt",
			);
			runOnlyForDeploymentPostprocessing = 0;
			shellPath = /bin/sh;
			shellScript = "diff \"${PODS_PODFILE_DIR_PATH}/Podfile.lock\" \"${PODS_ROOT}/Manifest.lock\" > /dev/null\nif [ $? != 0 ] ; then\n    # print error to STDERR\n    echo \"error: The sandbox is not in sync with the Podfile.lock. Run 'pod install' or update your CocoaPods installation.\" >&2\n    exit 1\nfi\n# This output is used by Xcode 'outputs' to avoid re-running this script phase.\necho \"SUCCESS\" > \"${SCRIPT_OUTPUT_FILE_0}\"\n";
			showEnvVarsInLog = 0;
		};
/* End PBXShellScriptBuildPhase section */

/* Begin PBXSourcesBuildPhase section */
		FC31674729429426000A9443 /* Sources */ = {
			isa = PBXSourcesBuildPhase;
			buildActionMask = 2147483647;
			files = (
				FC31676029429800000A9443 /* HomeView.swift in Sources */,
				FCE1E68C2943EB2D00B7EAED /* DisappearanceAlert.swift in Sources */,
				FC31676429429B96000A9443 /* DisappearanceAlertView.swift in Sources */,
				FCE1E6922944192800B7EAED /* SearchView.swift in Sources */,
				FC31674F29429426000A9443 /* Lost_Pet_Alert_AppApp.swift in Sources */,
				FCE1E68E2943F28D00B7EAED /* AlertRepository.swift in Sources */,
				FC31676829429BBD000A9443 /* DisappearanceListView.swift in Sources */,
			);
			runOnlyForDeploymentPostprocessing = 0;
		};
/* End PBXSourcesBuildPhase section */

/* Begin XCBuildConfiguration section */
		FC31675729429428000A9443 /* Debug */ = {
			isa = XCBuildConfiguration;
			buildSettings = {
				ALWAYS_SEARCH_USER_PATHS = NO;
				CLANG_ANALYZER_NONNULL = YES;
				CLANG_ANALYZER_NUMBER_OBJECT_CONVERSION = YES_AGGRESSIVE;
				CLANG_CXX_LANGUAGE_STANDARD = "gnu++20";
				CLANG_ENABLE_MODULES = YES;
				CLANG_ENABLE_OBJC_ARC = YES;
				CLANG_ENABLE_OBJC_WEAK = YES;
				CLANG_WARN_BLOCK_CAPTURE_AUTORELEASING = YES;
				CLANG_WARN_BOOL_CONVERSION = YES;
				CLANG_WARN_COMMA = YES;
				CLANG_WARN_CONSTANT_CONVERSION = YES;
				CLANG_WARN_DEPRECATED_OBJC_IMPLEMENTATIONS = YES;
				CLANG_WARN_DIRECT_OBJC_ISA_USAGE = YES_ERROR;
				CLANG_WARN_DOCUMENTATION_COMMENTS = YES;
				CLANG_WARN_EMPTY_BODY = YES;
				CLANG_WARN_ENUM_CONVERSION = YES;
				CLANG_WARN_INFINITE_RECURSION = YES;
				CLANG_WARN_INT_CONVERSION = YES;
				CLANG_WARN_NON_LITERAL_NULL_CONVERSION = YES;
				CLANG_WARN_OBJC_IMPLICIT_RETAIN_SELF = YES;
				CLANG_WARN_OBJC_LITERAL_CONVERSION = YES;
				CLANG_WARN_OBJC_ROOT_CLASS = YES_ERROR;
				CLANG_WARN_QUOTED_INCLUDE_IN_FRAMEWORK_HEADER = YES;
				CLANG_WARN_RANGE_LOOP_ANALYSIS = YES;
				CLANG_WARN_STRICT_PROTOTYPES = YES;
				CLANG_WARN_SUSPICIOUS_MOVE = YES;
				CLANG_WARN_UNGUARDED_AVAILABILITY = YES_AGGRESSIVE;
				CLANG_WARN_UNREACHABLE_CODE = YES;
				CLANG_WARN__DUPLICATE_METHOD_MATCH = YES;
				COPY_PHASE_STRIP = NO;
				DEBUG_INFORMATION_FORMAT = dwarf;
				ENABLE_STRICT_OBJC_MSGSEND = YES;
				ENABLE_TESTABILITY = YES;
				GCC_C_LANGUAGE_STANDARD = gnu11;
				GCC_DYNAMIC_NO_PIC = NO;
				GCC_NO_COMMON_BLOCKS = YES;
				GCC_OPTIMIZATION_LEVEL = 0;
				GCC_PREPROCESSOR_DEFINITIONS = (
					"DEBUG=1",
					"$(inherited)",
				);
				GCC_WARN_64_TO_32_BIT_CONVERSION = YES;
				GCC_WARN_ABOUT_RETURN_TYPE = YES_ERROR;
				GCC_WARN_UNDECLARED_SELECTOR = YES;
				GCC_WARN_UNINITIALIZED_AUTOS = YES_AGGRESSIVE;
				GCC_WARN_UNUSED_FUNCTION = YES;
				GCC_WARN_UNUSED_VARIABLE = YES;
				IPHONEOS_DEPLOYMENT_TARGET = 16.0;
				MTL_ENABLE_DEBUG_INFO = INCLUDE_SOURCE;
				MTL_FAST_MATH = YES;
				ONLY_ACTIVE_ARCH = YES;
				SDKROOT = iphoneos;
				SWIFT_ACTIVE_COMPILATION_CONDITIONS = DEBUG;
				SWIFT_OPTIMIZATION_LEVEL = "-Onone";
			};
			name = Debug;
		};
		FC31675829429428000A9443 /* Release */ = {
			isa = XCBuildConfiguration;
			buildSettings = {
				ALWAYS_SEARCH_USER_PATHS = NO;
				CLANG_ANALYZER_NONNULL = YES;
				CLANG_ANALYZER_NUMBER_OBJECT_CONVERSION = YES_AGGRESSIVE;
				CLANG_CXX_LANGUAGE_STANDARD = "gnu++20";
				CLANG_ENABLE_MODULES = YES;
				CLANG_ENABLE_OBJC_ARC = YES;
				CLANG_ENABLE_OBJC_WEAK = YES;
				CLANG_WARN_BLOCK_CAPTURE_AUTORELEASING = YES;
				CLANG_WARN_BOOL_CONVERSION = YES;
				CLANG_WARN_COMMA = YES;
				CLANG_WARN_CONSTANT_CONVERSION = YES;
				CLANG_WARN_DEPRECATED_OBJC_IMPLEMENTATIONS = YES;
				CLANG_WARN_DIRECT_OBJC_ISA_USAGE = YES_ERROR;
				CLANG_WARN_DOCUMENTATION_COMMENTS = YES;
				CLANG_WARN_EMPTY_BODY = YES;
				CLANG_WARN_ENUM_CONVERSION = YES;
				CLANG_WARN_INFINITE_RECURSION = YES;
				CLANG_WARN_INT_CONVERSION = YES;
				CLANG_WARN_NON_LITERAL_NULL_CONVERSION = YES;
				CLANG_WARN_OBJC_IMPLICIT_RETAIN_SELF = YES;
				CLANG_WARN_OBJC_LITERAL_CONVERSION = YES;
				CLANG_WARN_OBJC_ROOT_CLASS = YES_ERROR;
				CLANG_WARN_QUOTED_INCLUDE_IN_FRAMEWORK_HEADER = YES;
				CLANG_WARN_RANGE_LOOP_ANALYSIS = YES;
				CLANG_WARN_STRICT_PROTOTYPES = YES;
				CLANG_WARN_SUSPICIOUS_MOVE = YES;
				CLANG_WARN_UNGUARDED_AVAILABILITY = YES_AGGRESSIVE;
				CLANG_WARN_UNREACHABLE_CODE = YES;
				CLANG_WARN__DUPLICATE_METHOD_MATCH = YES;
				COPY_PHASE_STRIP = NO;
				DEBUG_INFORMATION_FORMAT = "dwarf-with-dsym";
				ENABLE_NS_ASSERTIONS = NO;
				ENABLE_STRICT_OBJC_MSGSEND = YES;
				GCC_C_LANGUAGE_STANDARD = gnu11;
				GCC_NO_COMMON_BLOCKS = YES;
				GCC_WARN_64_TO_32_BIT_CONVERSION = YES;
				GCC_WARN_ABOUT_RETURN_TYPE = YES_ERROR;
				GCC_WARN_UNDECLARED_SELECTOR = YES;
				GCC_WARN_UNINITIALIZED_AUTOS = YES_AGGRESSIVE;
				GCC_WARN_UNUSED_FUNCTION = YES;
				GCC_WARN_UNUSED_VARIABLE = YES;
				IPHONEOS_DEPLOYMENT_TARGET = 16.0;
				MTL_ENABLE_DEBUG_INFO = NO;
				MTL_FAST_MATH = YES;
				SDKROOT = iphoneos;
				SWIFT_COMPILATION_MODE = wholemodule;
				SWIFT_OPTIMIZATION_LEVEL = "-O";
				VALIDATE_PRODUCT = YES;
			};
			name = Release;
		};
		FC31675A29429428000A9443 /* Debug */ = {
			isa = XCBuildConfiguration;
			baseConfigurationReference = 9F140FEE94ADC5E85216198B /* Pods-Lost_Pet_Alert_App.debug.xcconfig */;
			buildSettings = {
				ASSETCATALOG_COMPILER_APPICON_NAME = AppIcon;
				ASSETCATALOG_COMPILER_GLOBAL_ACCENT_COLOR_NAME = AccentColor;
				CODE_SIGN_STYLE = Automatic;
				CURRENT_PROJECT_VERSION = 1;
				DEVELOPMENT_ASSET_PATHS = "\"Lost_Pet_Alert_App/Preview Content\"";
				DEVELOPMENT_TEAM = ADQD396KCN;
				ENABLE_PREVIEWS = YES;
				GENERATE_INFOPLIST_FILE = YES;
				INFOPLIST_KEY_NSLocationAlwaysAndWhenInUseUsageDescription = "Lost Pet Alert needs to access location";
				INFOPLIST_KEY_NSLocationWhenInUseUsageDescription = "Lost Pet Alert needs to access location";
				INFOPLIST_KEY_UIApplicationSceneManifest_Generation = YES;
				INFOPLIST_KEY_UIApplicationSupportsIndirectInputEvents = YES;
				INFOPLIST_KEY_UILaunchScreen_Generation = YES;
				INFOPLIST_KEY_UISupportedInterfaceOrientations_iPad = "UIInterfaceOrientationPortrait UIInterfaceOrientationPortraitUpsideDown UIInterfaceOrientationLandscapeLeft UIInterfaceOrientationLandscapeRight";
				INFOPLIST_KEY_UISupportedInterfaceOrientations_iPhone = "UIInterfaceOrientationPortrait UIInterfaceOrientationLandscapeLeft UIInterfaceOrientationLandscapeRight";
				IPHONEOS_DEPLOYMENT_TARGET = 15.5;
				LD_RUNPATH_SEARCH_PATHS = (
					"$(inherited)",
					"@executable_path/Frameworks",
				);
				MARKETING_VERSION = 1.0;
				PRODUCT_BUNDLE_IDENTIFIER = "com.ei.Lost-Pet-Alert-App";
				PRODUCT_NAME = "$(TARGET_NAME)";
				SWIFT_EMIT_LOC_STRINGS = YES;
				SWIFT_VERSION = 5.0;
				TARGETED_DEVICE_FAMILY = "1,2";
			};
			name = Debug;
		};
		FC31675B29429428000A9443 /* Release */ = {
			isa = XCBuildConfiguration;
			baseConfigurationReference = 47677D1B2FA84A902643DB29 /* Pods-Lost_Pet_Alert_App.release.xcconfig */;
			buildSettings = {
				ASSETCATALOG_COMPILER_APPICON_NAME = AppIcon;
				ASSETCATALOG_COMPILER_GLOBAL_ACCENT_COLOR_NAME = AccentColor;
				CODE_SIGN_STYLE = Automatic;
				CURRENT_PROJECT_VERSION = 1;
				DEVELOPMENT_ASSET_PATHS = "\"Lost_Pet_Alert_App/Preview Content\"";
				DEVELOPMENT_TEAM = ADQD396KCN;
				ENABLE_PREVIEWS = YES;
				GENERATE_INFOPLIST_FILE = YES;
				INFOPLIST_KEY_NSLocationAlwaysAndWhenInUseUsageDescription = "Lost Pet Alert needs to access location";
				INFOPLIST_KEY_NSLocationWhenInUseUsageDescription = "Lost Pet Alert needs to access location";
				INFOPLIST_KEY_UIApplicationSceneManifest_Generation = YES;
				INFOPLIST_KEY_UIApplicationSupportsIndirectInputEvents = YES;
				INFOPLIST_KEY_UILaunchScreen_Generation = YES;
				INFOPLIST_KEY_UISupportedInterfaceOrientations_iPad = "UIInterfaceOrientationPortrait UIInterfaceOrientationPortraitUpsideDown UIInterfaceOrientationLandscapeLeft UIInterfaceOrientationLandscapeRight";
				INFOPLIST_KEY_UISupportedInterfaceOrientations_iPhone = "UIInterfaceOrientationPortrait UIInterfaceOrientationLandscapeLeft UIInterfaceOrientationLandscapeRight";
				IPHONEOS_DEPLOYMENT_TARGET = 15.5;
				LD_RUNPATH_SEARCH_PATHS = (
					"$(inherited)",
					"@executable_path/Frameworks",
				);
				MARKETING_VERSION = 1.0;
				PRODUCT_BUNDLE_IDENTIFIER = "com.ei.Lost-Pet-Alert-App";
				PRODUCT_NAME = "$(TARGET_NAME)";
				SWIFT_EMIT_LOC_STRINGS = YES;
				SWIFT_VERSION = 5.0;
				TARGETED_DEVICE_FAMILY = "1,2";
			};
			name = Release;
		};
/* End XCBuildConfiguration section */

/* Begin XCConfigurationList section */
		FC31674629429426000A9443 /* Build configuration list for PBXProject "Lost_Pet_Alert_App" */ = {
			isa = XCConfigurationList;
			buildConfigurations = (
				FC31675729429428000A9443 /* Debug */,
				FC31675829429428000A9443 /* Release */,
			);
			defaultConfigurationIsVisible = 0;
			defaultConfigurationName = Release;
		};
		FC31675929429428000A9443 /* Build configuration list for PBXNativeTarget "Lost_Pet_Alert_App" */ = {
			isa = XCConfigurationList;
			buildConfigurations = (
				FC31675A29429428000A9443 /* Debug */,
				FC31675B29429428000A9443 /* Release */,
			);
			defaultConfigurationIsVisible = 0;
			defaultConfigurationName = Release;
		};
/* End XCConfigurationList section */

/* Begin XCRemoteSwiftPackageReference section */
		FCE1E69529442CF300B7EAED /* XCRemoteSwiftPackageReference "firebase-ios-sdk" */ = {
			isa = XCRemoteSwiftPackageReference;
			repositoryURL = "https://github.com/firebase/firebase-ios-sdk";
			requirement = {
				kind = upToNextMajorVersion;
				minimumVersion = 9.0.0;
			};
		};
/* End XCRemoteSwiftPackageReference section */

/* Begin XCSwiftPackageProductDependency section */
		FCE1E69629442CF300B7EAED /* FirebaseAnalytics */ = {
			isa = XCSwiftPackageProductDependency;
			package = FCE1E69529442CF300B7EAED /* XCRemoteSwiftPackageReference "firebase-ios-sdk" */;
			productName = FirebaseAnalytics;
		};
		FCE1E69829442CF300B7EAED /* FirebaseFirestore */ = {
			isa = XCSwiftPackageProductDependency;
			package = FCE1E69529442CF300B7EAED /* XCRemoteSwiftPackageReference "firebase-ios-sdk" */;
			productName = FirebaseFirestore;
		};
		FCE1E69A29442CF300B7EAED /* FirebaseFirestoreSwift */ = {
			isa = XCSwiftPackageProductDependency;
			package = FCE1E69529442CF300B7EAED /* XCRemoteSwiftPackageReference "firebase-ios-sdk" */;
			productName = FirebaseFirestoreSwift;
		};
/* End XCSwiftPackageProductDependency section */
	};
	rootObject = FC31674329429426000A9443 /* Project object */;
}
